<?xml version="1.0" encoding="utf-8"?>
<Project ToolsVersion="4.0" xmlns="http://schemas.microsoft.com/developer/msbuild/2003">
  <ItemGroup>
    <Filter Include="Source Files">
      <UniqueIdentifier>{4FC737F1-C7A5-4376-A066-2A32D752A2FF}</UniqueIdentifier>
      <Extensions>cpp;c;cc;cxx;c++;cppm;ixx;def;odl;idl;hpj;bat;asm;asmx</Extensions>
    </Filter>
    <Filter Include="Header Files">
      <UniqueIdentifier>{93995380-89BD-4b04-88EB-625FBE52EBFB}</UniqueIdentifier>
      <Extensions>h;hh;hpp;hxx;h++;hm;inl;inc;ipp;xsd</Extensions>
    </Filter>
    <Filter Include="Resource Files">
      <UniqueIdentifier>{67DA6AB6-F800-4c08-8B7A-83BB121AAD01}</UniqueIdentifier>
      <Extensions>rc;ico;cur;bmp;dlg;rc2;rct;bin;rgs;gif;jpg;jpeg;jpe;resx;tiff;tif;png;wav;mfcribbon-ms</Extensions>
    </Filter>
    <Filter Include="Header Files\cpp-httplib">
      <UniqueIdentifier>{a42e5be4-977c-4157-8223-82756ea1ade1}</UniqueIdentifier>
    </Filter>
    <Filter Include="Header Files\flatbuffers">
      <UniqueIdentifier>{10c27532-41f7-4fce-bdeb-8157e28e31fa}</UniqueIdentifier>
    </Filter>
    <Filter Include="Header Files\flatbuffers\generated">
      <UniqueIdentifier>{52ad3454-c49d-42c5-ba9c-caedd49e2480}</UniqueIdentifier>
    </Filter>
  </ItemGroup>
  <ItemGroup>
    <ClCompile Include="main.cpp">
      <Filter>Source Files</Filter>
    </ClCompile>
  </ItemGroup>
  <ItemGroup>
    <ClInclude Include="cpp-httplib\httplib.h">
      <Filter>Header Files\cpp-httplib</Filter>
    </ClInclude>
    <ClInclude Include="generated\metadata_flatbuffer_generated.h">
      <Filter>Header Files\flatbuffers\generated</Filter>
    </ClInclude>
    <ClInclude Include="flatbuffers\include\flatbuffers\flatbuffers.h">
      <Filter>Header Files\flatbuffers</Filter>
    </ClInclude>
  </ItemGroup>
</Project>